
Microsoft Visual Studio Solution File, Format Version 12.00
# Visual Studio Version 16
VisualStudioVersion = 25.0.1703.6
MinimumVisualStudioVersion = 10.0.40219.1
Project("{FAE04EC0-301F-11D3-BF4B-00C04F79EFBC}") = "Evoltis.Api", "Evoltis.Api\Evoltis.Api.csproj", "{A01B8B24-DFDD-404C-93B3-18460641B92E}"
EndProject
Project("{FAE04EC0-301F-11D3-BF4B-00C04F79EFBC}") = "Evoltis.DTOs", "Evoltis.DTOs\Evoltis.DTOs.csproj", "{5EF01169-87EB-4112-858B-28463C46E074}"
EndProject
Project("{FAE04EC0-301F-11D3-BF4B-00C04F79EFBC}") = "Evoltis.UseCases", "Evoltis.UseCases\Evoltis.UseCases.csproj", "{9C1DB0A5-B307-48A9-9A24-8FBFDAEBA07D}"
EndProject
Project("{FAE04EC0-301F-11D3-BF4B-00C04F79EFBC}") = "Evoltis.Entities", "Evoltis.Entities\Evoltis.Entities.csproj", "{E3EBA3BB-4A27-4A4B-98CF-68D7332AD063}"
EndProject
Project("{FAE04EC0-301F-11D3-BF4B-00C04F79EFBC}") = "Evoltis.UseCasesPort", "Evoltis.UseCasesPort\Evoltis.UseCasesPort.csproj", "{AD2ECE76-A0CD-41B1-838C-79B35FF88C83}"
EndProject
Project("{FAE04EC0-301F-11D3-BF4B-00C04F79EFBC}") = "Evoltis.RepositoryEF", "Evoltis.RepositoryEF\Evoltis.RepositoryEF.csproj", "{AF607002-FE55-4DF6-9577-8BCD79452C6A}"
EndProject
Project("{FAE04EC0-301F-11D3-BF4B-00C04F79EFBC}") = "Evoltis.IoC", "Evoltis.IoC\Evoltis.IoC.csproj", "{3E183F33-F8A5-42CE-9E2D-A5D656709AF8}"
EndProject
Project("{2150E333-8FDC-42A3-9474-1A3956D46DE8}") = "Frameworks And Drivers", "Frameworks And Drivers", "{7DFEE99E-08D5-4D99-A0A7-6A064DF2DDB8}"
EndProject
Project("{2150E333-8FDC-42A3-9474-1A3956D46DE8}") = "Interface Adapter", "Interface Adapter", "{A6E06F13-92AB-4F20-BDF4-EB04F4B3B207}"
EndProject
Project("{2150E333-8FDC-42A3-9474-1A3956D46DE8}") = "Enterprise Business Rules", "Enterprise Business Rules", "{884E34CC-B791-41DE-8D6F-5B7625C99E0F}"
EndProject
Project("{2150E333-8FDC-42A3-9474-1A3956D46DE8}") = "Application Business Rules", "Application Business Rules", "{F69DC8B7-F592-4B21-9B69-760E6E73FAFA}"
EndProject
Project("{2150E333-8FDC-42A3-9474-1A3956D46DE8}") = "Gateways", "Gateways", "{08EAFCCB-E36C-4C6E-A2D8-70D99D0B5105}"
EndProject
Project("{FAE04EC0-301F-11D3-BF4B-00C04F79EFBC}") = "Evoltis.Mapper", "Evoltis.Mapper\Evoltis.Mapper.csproj", "{B6344EEF-F4E5-45D4-93ED-64CD7A9637A3}"
EndProject
Project("{FAE04EC0-301F-11D3-BF4B-00C04F79EFBC}") = "Evoltis.Middleware", "Evoltis.Middleware\Evoltis.Middleware.csproj", "{48EF4097-A888-4257-885D-707C3CAB4FAE}"
EndProject
Global
	GlobalSection(SolutionConfigurationPlatforms) = preSolution
		Debug|Any CPU = Debug|Any CPU
		Release|Any CPU = Release|Any CPU
	EndGlobalSection
	GlobalSection(ProjectConfigurationPlatforms) = postSolution
		{A01B8B24-DFDD-404C-93B3-18460641B92E}.Debug|Any CPU.ActiveCfg = Debug|Any CPU
		{A01B8B24-DFDD-404C-93B3-18460641B92E}.Debug|Any CPU.Build.0 = Debug|Any CPU
		{A01B8B24-DFDD-404C-93B3-18460641B92E}.Release|Any CPU.ActiveCfg = Release|Any CPU
		{A01B8B24-DFDD-404C-93B3-18460641B92E}.Release|Any CPU.Build.0 = Release|Any CPU
		{5EF01169-87EB-4112-858B-28463C46E074}.Debug|Any CPU.ActiveCfg = Debug|Any CPU
		{5EF01169-87EB-4112-858B-28463C46E074}.Debug|Any CPU.Build.0 = Debug|Any CPU
		{5EF01169-87EB-4112-858B-28463C46E074}.Release|Any CPU.ActiveCfg = Release|Any CPU
		{5EF01169-87EB-4112-858B-28463C46E074}.Release|Any CPU.Build.0 = Release|Any CPU
		{9C1DB0A5-B307-48A9-9A24-8FBFDAEBA07D}.Debug|Any CPU.ActiveCfg = Debug|Any CPU
		{9C1DB0A5-B307-48A9-9A24-8FBFDAEBA07D}.Debug|Any CPU.Build.0 = Debug|Any CPU
		{9C1DB0A5-B307-48A9-9A24-8FBFDAEBA07D}.Release|Any CPU.ActiveCfg = Release|Any CPU
		{9C1DB0A5-B307-48A9-9A24-8FBFDAEBA07D}.Release|Any CPU.Build.0 = Release|Any CPU
		{E3EBA3BB-4A27-4A4B-98CF-68D7332AD063}.Debug|Any CPU.ActiveCfg = Debug|Any CPU
		{E3EBA3BB-4A27-4A4B-98CF-68D7332AD063}.Debug|Any CPU.Build.0 = Debug|Any CPU
		{E3EBA3BB-4A27-4A4B-98CF-68D7332AD063}.Release|Any CPU.ActiveCfg = Release|Any CPU
		{E3EBA3BB-4A27-4A4B-98CF-68D7332AD063}.Release|Any CPU.Build.0 = Release|Any CPU
		{AD2ECE76-A0CD-41B1-838C-79B35FF88C83}.Debug|Any CPU.ActiveCfg = Debug|Any CPU
		{AD2ECE76-A0CD-41B1-838C-79B35FF88C83}.Debug|Any CPU.Build.0 = Debug|Any CPU
		{AD2ECE76-A0CD-41B1-838C-79B35FF88C83}.Release|Any CPU.ActiveCfg = Release|Any CPU
		{AD2ECE76-A0CD-41B1-838C-79B35FF88C83}.Release|Any CPU.Build.0 = Release|Any CPU
		{AF607002-FE55-4DF6-9577-8BCD79452C6A}.Debug|Any CPU.ActiveCfg = Debug|Any CPU
		{AF607002-FE55-4DF6-9577-8BCD79452C6A}.Debug|Any CPU.Build.0 = Debug|Any CPU
		{AF607002-FE55-4DF6-9577-8BCD79452C6A}.Release|Any CPU.ActiveCfg = Release|Any CPU
		{AF607002-FE55-4DF6-9577-8BCD79452C6A}.Release|Any CPU.Build.0 = Release|Any CPU
		{3E183F33-F8A5-42CE-9E2D-A5D656709AF8}.Debug|Any CPU.ActiveCfg = Debug|Any CPU
		{3E183F33-F8A5-42CE-9E2D-A5D656709AF8}.Debug|Any CPU.Build.0 = Debug|Any CPU
		{3E183F33-F8A5-42CE-9E2D-A5D656709AF8}.Release|Any CPU.ActiveCfg = Release|Any CPU
		{3E183F33-F8A5-42CE-9E2D-A5D656709AF8}.Release|Any CPU.Build.0 = Release|Any CPU
		{B6344EEF-F4E5-45D4-93ED-64CD7A9637A3}.Debug|Any CPU.ActiveCfg = Debug|Any CPU
		{B6344EEF-F4E5-45D4-93ED-64CD7A9637A3}.Debug|Any CPU.Build.0 = Debug|Any CPU
		{B6344EEF-F4E5-45D4-93ED-64CD7A9637A3}.Release|Any CPU.ActiveCfg = Release|Any CPU
		{B6344EEF-F4E5-45D4-93ED-64CD7A9637A3}.Release|Any CPU.Build.0 = Release|Any CPU
		{48EF4097-A888-4257-885D-707C3CAB4FAE}.Debug|Any CPU.ActiveCfg = Debug|Any CPU
		{48EF4097-A888-4257-885D-707C3CAB4FAE}.Debug|Any CPU.Build.0 = Debug|Any CPU
		{48EF4097-A888-4257-885D-707C3CAB4FAE}.Release|Any CPU.ActiveCfg = Release|Any CPU
		{48EF4097-A888-4257-885D-707C3CAB4FAE}.Release|Any CPU.Build.0 = Release|Any CPU
	EndGlobalSection
	GlobalSection(SolutionProperties) = preSolution
		HideSolutionNode = FALSE
	EndGlobalSection
	GlobalSection(ExtensibilityGlobals) = postSolution
		SolutionGuid = {22628D61-A24D-48FC-99F8-99DF155CBE4A}
	EndGlobalSection
	GlobalSection(NestedProjects) = preSolution
		{A01B8B24-DFDD-404C-93B3-18460641B92E} = {7DFEE99E-08D5-4D99-A0A7-6A064DF2DDB8}
		{9C1DB0A5-B307-48A9-9A24-8FBFDAEBA07D} = {F69DC8B7-F592-4B21-9B69-760E6E73FAFA}
		{AD2ECE76-A0CD-41B1-838C-79B35FF88C83} = {F69DC8B7-F592-4B21-9B69-760E6E73FAFA}
		{5EF01169-87EB-4112-858B-28463C46E074} = {F69DC8B7-F592-4B21-9B69-760E6E73FAFA}
		{E3EBA3BB-4A27-4A4B-98CF-68D7332AD063} = {884E34CC-B791-41DE-8D6F-5B7625C99E0F}
		{08EAFCCB-E36C-4C6E-A2D8-70D99D0B5105} = {A6E06F13-92AB-4F20-BDF4-EB04F4B3B207}
		{3E183F33-F8A5-42CE-9E2D-A5D656709AF8} = {08EAFCCB-E36C-4C6E-A2D8-70D99D0B5105}
		{AF607002-FE55-4DF6-9577-8BCD79452C6A} = {08EAFCCB-E36C-4C6E-A2D8-70D99D0B5105}
		{B6344EEF-F4E5-45D4-93ED-64CD7A9637A3} = {08EAFCCB-E36C-4C6E-A2D8-70D99D0B5105}
		{48EF4097-A888-4257-885D-707C3CAB4FAE} = {08EAFCCB-E36C-4C6E-A2D8-70D99D0B5105}
	EndGlobalSection
EndGlobal
